{
  "version": 4,
  "terraform_version": "1.8.0",
  "serial": 5,
  "lineage": "0f25504a-b6ea-b3d8-e05f-f6269ea5a1a4",
  "outputs": {},
  "resources": [
    {
      "mode": "managed",
      "type": "aws_iam_role",
      "name": "redshift-role",
      "provider": "provider[\"registry.terraform.io/hashicorp/aws\"]",
      "instances": [
        {
          "schema_version": 0,
          "attributes": {
            "arn": "arn:aws:iam::851725452068:role/myapp-dev-redshift-role",
            "assume_role_policy": "{\"Statement\":[{\"Action\":\"sts:AssumeRole\",\"Effect\":\"Allow\",\"Principal\":{\"Service\":\"redshift.amazonaws.com\"},\"Sid\":\"\"}],\"Version\":\"2012-10-17\"}",
            "create_date": "2024-04-17T11:15:45Z",
            "description": "",
            "force_detach_policies": false,
            "id": "myapp-dev-redshift-role",
            "inline_policy": [
              {
                "name": "myapp-dev-redshift-role-s3-policy",
                "policy": "{\"Version\":\"2012-10-17\",\"Statement\":[{\"Action\":\"s3:*\",\"Effect\":\"Allow\",\"Resource\":\"*\"}]}"
              }
            ],
            "managed_policy_arns": [],
            "max_session_duration": 3600,
            "name": "myapp-dev-redshift-role",
            "name_prefix": "",
            "path": "/",
            "permissions_boundary": "",
            "tags": {
              "Environment": "dev",
              "Name": "myapp-dev-redshift-role"
            },
            "tags_all": {
              "Environment": "dev",
              "Name": "myapp-dev-redshift-role"
            },
            "unique_id": "AROA4MTWLAMSFPQ6GLZFE"
          },
          "sensitive_attributes": [],
          "private": "bnVsbA=="
        }
      ]
    },
    {
      "mode": "managed",
      "type": "aws_iam_role_policy",
      "name": "redshift-s3-full-access-policy",
      "provider": "provider[\"registry.terraform.io/hashicorp/aws\"]",
      "instances": [
        {
          "schema_version": 0,
          "attributes": {
            "id": "myapp-dev-redshift-role:myapp-dev-redshift-role-s3-policy",
            "name": "myapp-dev-redshift-role-s3-policy",
            "name_prefix": "",
            "policy": "{\"Version\":\"2012-10-17\",\"Statement\":[{\"Action\":\"s3:*\",\"Effect\":\"Allow\",\"Resource\":\"*\"}]}",
            "role": "myapp-dev-redshift-role"
          },
          "sensitive_attributes": [],
          "private": "bnVsbA==",
          "dependencies": [
            "aws_iam_role.redshift-role"
          ]
        }
      ]
    },
    {
      "mode": "managed",
      "type": "aws_redshift_cluster",
      "name": "example",
      "provider": "provider[\"registry.terraform.io/hashicorp/aws\"]",
      "instances": [
        {
          "schema_version": 0,
          "attributes": {
            "allow_version_upgrade": true,
            "apply_immediately": false,
            "aqua_configuration_status": "auto",
            "arn": "arn:aws:redshift:us-east-1:851725452068:cluster:example-cluster",
            "automated_snapshot_retention_period": 1,
            "availability_zone": "us-east-1f",
            "availability_zone_relocation_enabled": false,
            "cluster_identifier": "example-cluster",
            "cluster_namespace_arn": "arn:aws:redshift:us-east-1:851725452068:namespace:a58740d8-f9d4-4fc1-be32-7586936a5c42",
            "cluster_nodes": [
              {
                "node_role": "SHARED",
                "private_ip_address": "172.31.66.121",
                "public_ip_address": "52.3.98.139"
              }
            ],
            "cluster_parameter_group_name": "default.redshift-1.0",
            "cluster_public_key": "ssh-rsa AAAAB3NzaC1yc2EAAAADAQABAAABAQCCELn2Hz2xFMxlQwSPcdBD6wF1/FmV1dXEFsuYoBnSbRGbsCDrocbpeFxeYiDz15uVDR55A45PhkdrtJVidUYH5qRvVXq8XgXAWhqHwIMsGZejkpjE9ol3IGOrOtd3FgJ19zlNExsqlVNTax1FpzVj5UcT9/RGG0F6SLJ7yzTf8uPiA+EK9QS5ghzy9UwI9DTSiYZuv9V+5yx0wecdkULQb+N7EJm4+C4c4sEIhPQ/GU5Yy4z7ByWPtCwQToxozrQNIILaKk42GFAxgom8KUk+dFlsDw6pgyj/ksq+641XEqxOVt2JfAraxj5ms1nylvr+T06hMoF+poABI53bvVO7 Amazon-Redshift\n",
            "cluster_revision_number": "63269",
            "cluster_subnet_group_name": "default",
            "cluster_type": "single-node",
            "cluster_version": "1.0",
            "database_name": "",
            "default_iam_role_arn": "",
            "dns_name": "example-cluster.cglkezabwkp0.us-east-1.redshift.amazonaws.com",
            "elastic_ip": null,
            "encrypted": false,
            "endpoint": "example-cluster.cglkezabwkp0.us-east-1.redshift.amazonaws.com:5439",
            "enhanced_vpc_routing": false,
            "final_snapshot_identifier": null,
            "iam_roles": [
              "arn:aws:iam::851725452068:role/myapp-dev-redshift-role"
            ],
            "id": "example-cluster",
            "kms_key_id": "",
            "logging": [
              {
                "bucket_name": "",
                "enable": false,
                "log_destination_type": "",
                "log_exports": [],
                "s3_key_prefix": ""
              }
            ],
            "maintenance_track_name": "current",
            "manage_master_password": null,
            "manual_snapshot_retention_period": -1,
            "master_password": "Password123",
            "master_password_secret_arn": "",
            "master_password_secret_kms_key_id": "",
            "master_username": "masteruser",
            "multi_az": false,
            "node_type": "dc2.large",
            "number_of_nodes": 1,
            "owner_account": null,
            "port": 5439,
            "preferred_maintenance_window": "thu:07:00-thu:07:30",
            "publicly_accessible": true,
            "skip_final_snapshot": true,
            "snapshot_arn": null,
            "snapshot_cluster_identifier": null,
            "snapshot_copy": [],
            "snapshot_identifier": null,
            "tags": null,
            "tags_all": {},
            "timeouts": null,
            "vpc_security_group_ids": [
              "sg-066c073453d020ccd"
            ]
          },
          "sensitive_attributes": [
            [
              {
                "type": "get_attr",
                "value": "master_password"
              }
            ]
          ],
          "private": "eyJlMmJmYjczMC1lY2FhLTExZTYtOGY4OC0zNDM2M2JjN2M0YzAiOnsiY3JlYXRlIjo0NTAwMDAwMDAwMDAwLCJkZWxldGUiOjI0MDAwMDAwMDAwMDAsInVwZGF0ZSI6NDUwMDAwMDAwMDAwMH19",
          "dependencies": [
            "aws_iam_role.redshift-role"
          ]
        }
      ]
    }
  ],
  "check_results": null
}
