{
  "version": 4,
  "terraform_version": "1.8.0",
  "serial": 12,
  "lineage": "29defa48-3317-07ff-a2c2-cd437d41e275",
  "outputs": {},
  "resources": [
    {
      "mode": "managed",
      "type": "aws_cloudwatch_dashboard",
      "name": "demo-dashboard",
      "provider": "provider[\"registry.terraform.io/hashicorp/aws\"]",
      "instances": [
        {
          "schema_version": 0,
          "attributes": {
            "dashboard_arn": "arn:aws:cloudwatch::851725452068:dashboard/demo-dashboard-i-03e485bc335b9a58a",
            "dashboard_body": "{\"widgets\":[{\"height\":6,\"properties\":{\"metrics\":[[\"AWS/EC2\",\"CPUUtilization\",\"InstanceId\",\"i-03e485bc335b9a58a\"]],\"period\":300,\"region\":\"us-east-1\",\"stat\":\"Average\",\"title\":\"i-03e485bc335b9a58a - CPU Utilization\"},\"type\":\"metric\",\"width\":12,\"x\":0,\"y\":0},{\"height\":3,\"properties\":{\"markdown\":\"My Demo Dashboard\"},\"type\":\"text\",\"width\":3,\"x\":0,\"y\":7},{\"height\":6,\"properties\":{\"metrics\":[[\"AWS/EC2\",\"NetworkIn\",\"InstanceId\",\"i-03e485bc335b9a58a\"]],\"period\":300,\"region\":\"us-east-1\",\"stat\":\"Average\",\"title\":\"i-03e485bc335b9a58a - NetworkIn\"},\"type\":\"metric\",\"width\":12,\"x\":0,\"y\":0}]}",
            "dashboard_name": "demo-dashboard-i-03e485bc335b9a58a",
            "id": "demo-dashboard-i-03e485bc335b9a58a"
          },
          "sensitive_attributes": [],
          "private": "bnVsbA=="
        }
      ]
    },
    {
      "mode": "managed",
      "type": "aws_cloudwatch_metric_alarm",
      "name": "ec2-cpu-alarm",
      "provider": "provider[\"registry.terraform.io/hashicorp/aws\"]",
      "instances": [
        {
          "status": "tainted",
          "schema_version": 1,
          "attributes": {
            "actions_enabled": true,
            "alarm_actions": null,
            "alarm_description": "This metric monitors ec2 cpu utilization reaches 80%",
            "alarm_name": "terraform-ec2-cpu-alarm",
            "arn": null,
            "comparison_operator": "GreaterThanOrEqualToThreshold",
            "datapoints_to_alarm": null,
            "dimensions": null,
            "evaluate_low_sample_count_percentiles": null,
            "evaluation_periods": 2,
            "extended_statistic": null,
            "id": "terraform-ec2-cpu-alarm",
            "insufficient_data_actions": null,
            "metric_name": "CPUUtilization",
            "metric_query": [],
            "namespace": "AWS/EC2",
            "ok_actions": null,
            "period": 120,
            "statistic": "Average",
            "tags": null,
            "tags_all": null,
            "threshold": 80,
            "threshold_metric_id": null,
            "treat_missing_data": "missing",
            "unit": null
          },
          "sensitive_attributes": [],
          "private": "eyJzY2hlbWFfdmVyc2lvbiI6IjEifQ=="
        }
      ]
    }
  ],
  "check_results": null
}
