{
  "version": 4,
  "terraform_version": "1.8.0",
  "serial": 11,
  "lineage": "f632db81-8d38-5f14-7118-12526b77cb32",
  "outputs": {
    "cloudtrail_name": {
      "value": "parveshcloudtrail",
      "type": "string"
    },
    "cloudtrail_role_arn": {
      "value": "arn:aws:iam::851725452068:role/parveshrole",
      "type": "string"
    },
    "cloudwatch_log_group_arn": {
      "value": "arn:aws:logs:us-east-1:851725452068:log-group:parveshcloudwatch",
      "type": "string"
    },
    "s3_bucket_arn": {
      "value": "arn:aws:s3:::sbucketparvesh",
      "type": "string"
    }
  },
  "resources": [
    {
      "mode": "data",
      "type": "aws_caller_identity",
      "name": "current",
      "provider": "provider[\"registry.terraform.io/hashicorp/aws\"]",
      "instances": [
        {
          "schema_version": 0,
          "attributes": {
            "account_id": "851725452068",
            "arn": "arn:aws:iam::851725452068:user/User",
            "id": "851725452068",
            "user_id": "AIDA4MTWLAMSOGUO6KKTQ"
          },
          "sensitive_attributes": []
        }
      ]
    },
    {
      "mode": "data",
      "type": "aws_iam_policy_document",
      "name": "cloudtrail",
      "provider": "provider[\"registry.terraform.io/hashicorp/aws\"]",
      "instances": [
        {
          "schema_version": 0,
          "attributes": {
            "id": "2089975805",
            "json": "{\n  \"Version\": \"2012-10-17\",\n  \"Statement\": [\n    {\n      \"Sid\": \"AWS CloudTrail ACL Check\",\n      \"Effect\": \"Allow\",\n      \"Action\": \"s3:GetBucketAcl\",\n      \"Resource\": \"arn:aws:s3:::sbucketparvesh\",\n      \"Principal\": {\n        \"Service\": \"cloudtrail.amazonaws.com\"\n      },\n      \"Condition\": {\n        \"StringEquals\": {\n          \"aws:SourceArn\": \"arn:aws:cloudtrail:us-east-1:851725452068:trail/parveshcloudtrail\"\n        }\n      }\n    },\n    {\n      \"Sid\": \"AWS CloudTrail Write\",\n      \"Effect\": \"Allow\",\n      \"Action\": \"s3:PutObject\",\n      \"Resource\": \"arn:aws:s3:::sbucketparvesh/*\",\n      \"Principal\": {\n        \"Service\": \"cloudtrail.amazonaws.com\"\n      },\n      \"Condition\": {\n        \"StringEquals\": {\n          \"aws:SourceArn\": \"arn:aws:cloudtrail:us-east-1:851725452068:trail/parveshcloudtrail\",\n          \"s3:x-amz-acl\": \"bucket-owner-full-control\"\n        }\n      }\n    }\n  ]\n}",
            "override_json": null,
            "override_policy_documents": null,
            "policy_id": null,
            "source_json": null,
            "source_policy_documents": null,
            "statement": [
              {
                "actions": [
                  "s3:GetBucketAcl"
                ],
                "condition": [
                  {
                    "test": "StringEquals",
                    "values": [
                      "arn:aws:cloudtrail:us-east-1:851725452068:trail/parveshcloudtrail"
                    ],
                    "variable": "aws:SourceArn"
                  }
                ],
                "effect": "Allow",
                "not_actions": [],
                "not_principals": [],
                "not_resources": [],
                "principals": [
                  {
                    "identifiers": [
                      "cloudtrail.amazonaws.com"
                    ],
                    "type": "Service"
                  }
                ],
                "resources": [
                  "arn:aws:s3:::sbucketparvesh"
                ],
                "sid": "AWS CloudTrail ACL Check"
              },
              {
                "actions": [
                  "s3:PutObject"
                ],
                "condition": [
                  {
                    "test": "StringEquals",
                    "values": [
                      "arn:aws:cloudtrail:us-east-1:851725452068:trail/parveshcloudtrail"
                    ],
                    "variable": "aws:SourceArn"
                  },
                  {
                    "test": "StringEquals",
                    "values": [
                      "bucket-owner-full-control"
                    ],
                    "variable": "s3:x-amz-acl"
                  }
                ],
                "effect": "Allow",
                "not_actions": [],
                "not_principals": [],
                "not_resources": [],
                "principals": [
                  {
                    "identifiers": [
                      "cloudtrail.amazonaws.com"
                    ],
                    "type": "Service"
                  }
                ],
                "resources": [
                  "arn:aws:s3:::sbucketparvesh/*"
                ],
                "sid": "AWS CloudTrail Write"
              }
            ],
            "version": "2012-10-17"
          },
          "sensitive_attributes": []
        }
      ]
    },
    {
      "mode": "data",
      "type": "aws_iam_policy_document",
      "name": "cloudtrail_key",
      "provider": "provider[\"registry.terraform.io/hashicorp/aws\"]",
      "instances": [
        {
          "schema_version": 0,
          "attributes": {
            "id": "4119889734",
            "json": "{\n  \"Version\": \"2012-10-17\",\n  \"Statement\": [\n    {\n      \"Sid\": \"Enable Owner \\u0026 Root full access to KMS key\",\n      \"Effect\": \"Allow\",\n      \"Action\": \"kms:*\",\n      \"Resource\": \"*\",\n      \"Principal\": {\n        \"AWS\": [\n          \"arn:aws:iam::851725452068:user/User\",\n          \"arn:aws:iam::851725452068:root\"\n        ]\n      }\n    },\n    {\n      \"Sid\": \"Allow CloudTrail to encrypt logs\",\n      \"Effect\": \"Allow\",\n      \"Action\": \"kms:GenerateDataKey*\",\n      \"Resource\": \"*\",\n      \"Principal\": {\n        \"Service\": \"cloudtrail.amazonaws.com\"\n      },\n      \"Condition\": {\n        \"StringLike\": {\n          \"aws:SourceArn\": \"arn:aws:cloudtrail:us-east-1:851725452068:trail/*\",\n          \"kms:EncryptionContext:aws:cloudtrail:arn\": \"arn:aws:cloudtrail:us-east-1:851725452068:trail/*\"\n        }\n      }\n    },\n    {\n      \"Sid\": \"Allow CloudTrail to describe key\",\n      \"Effect\": \"Allow\",\n      \"Action\": \"kms:DescribeKey\",\n      \"Resource\": \"*\",\n      \"Principal\": {\n        \"Service\": \"cloudtrail.amazonaws.com\"\n      }\n    },\n    {\n      \"Sid\": \"Allow CloudTrail to decrypt a trail\",\n      \"Effect\": \"Allow\",\n      \"Action\": [\n        \"kms:ReEncryptFrom\",\n        \"kms:Decrypt\"\n      ],\n      \"Resource\": \"*\",\n      \"Principal\": {\n        \"Service\": \"cloudtrail.amazonaws.com\"\n      }\n    },\n    {\n      \"Sid\": \"Allow alias creation during setup\",\n      \"Effect\": \"Allow\",\n      \"Action\": \"kms:CreateAlias\",\n      \"Resource\": \"*\",\n      \"Principal\": {\n        \"AWS\": \"*\"\n      },\n      \"Condition\": {\n        \"StringEquals\": {\n          \"kms:CallerAccount\": \"851725452068\",\n          \"kms:ViaService\": \"ec2.us-east-1.amazonaws.com\"\n        }\n      }\n    }\n  ]\n}",
            "override_json": null,
            "override_policy_documents": null,
            "policy_id": null,
            "source_json": null,
            "source_policy_documents": null,
            "statement": [
              {
                "actions": [
                  "kms:*"
                ],
                "condition": [],
                "effect": "Allow",
                "not_actions": [],
                "not_principals": [],
                "not_resources": [],
                "principals": [
                  {
                    "identifiers": [
                      "arn:aws:iam::851725452068:root",
                      "arn:aws:iam::851725452068:user/User"
                    ],
                    "type": "AWS"
                  }
                ],
                "resources": [
                  "*"
                ],
                "sid": "Enable Owner \u0026 Root full access to KMS key"
              },
              {
                "actions": [
                  "kms:GenerateDataKey*"
                ],
                "condition": [
                  {
                    "test": "StringLike",
                    "values": [
                      "arn:aws:cloudtrail:us-east-1:851725452068:trail/*"
                    ],
                    "variable": "aws:SourceArn"
                  },
                  {
                    "test": "StringLike",
                    "values": [
                      "arn:aws:cloudtrail:us-east-1:851725452068:trail/*"
                    ],
                    "variable": "kms:EncryptionContext:aws:cloudtrail:arn"
                  }
                ],
                "effect": "Allow",
                "not_actions": [],
                "not_principals": [],
                "not_resources": [],
                "principals": [
                  {
                    "identifiers": [
                      "cloudtrail.amazonaws.com"
                    ],
                    "type": "Service"
                  }
                ],
                "resources": [
                  "*"
                ],
                "sid": "Allow CloudTrail to encrypt logs"
              },
              {
                "actions": [
                  "kms:DescribeKey"
                ],
                "condition": [],
                "effect": "Allow",
                "not_actions": [],
                "not_principals": [],
                "not_resources": [],
                "principals": [
                  {
                    "identifiers": [
                      "cloudtrail.amazonaws.com"
                    ],
                    "type": "Service"
                  }
                ],
                "resources": [
                  "*"
                ],
                "sid": "Allow CloudTrail to describe key"
              },
              {
                "actions": [
                  "kms:Decrypt",
                  "kms:ReEncryptFrom"
                ],
                "condition": [],
                "effect": "Allow",
                "not_actions": [],
                "not_principals": [],
                "not_resources": [],
                "principals": [
                  {
                    "identifiers": [
                      "cloudtrail.amazonaws.com"
                    ],
                    "type": "Service"
                  }
                ],
                "resources": [
                  "*"
                ],
                "sid": "Allow CloudTrail to decrypt a trail"
              },
              {
                "actions": [
                  "kms:CreateAlias"
                ],
                "condition": [
                  {
                    "test": "StringEquals",
                    "values": [
                      "851725452068"
                    ],
                    "variable": "kms:CallerAccount"
                  },
                  {
                    "test": "StringEquals",
                    "values": [
                      "ec2.us-east-1.amazonaws.com"
                    ],
                    "variable": "kms:ViaService"
                  }
                ],
                "effect": "Allow",
                "not_actions": [],
                "not_principals": [],
                "not_resources": [],
                "principals": [
                  {
                    "identifiers": [
                      "*"
                    ],
                    "type": "AWS"
                  }
                ],
                "resources": [
                  "*"
                ],
                "sid": "Allow alias creation during setup"
              }
            ],
            "version": "2012-10-17"
          },
          "sensitive_attributes": []
        }
      ]
    },
    {
      "mode": "data",
      "type": "aws_iam_policy_document",
      "name": "cloudtrail_role",
      "provider": "provider[\"registry.terraform.io/hashicorp/aws\"]",
      "instances": [
        {
          "schema_version": 0,
          "attributes": {
            "id": "1399789601",
            "json": "{\n  \"Version\": \"2012-10-17\",\n  \"Statement\": [\n    {\n      \"Effect\": \"Allow\",\n      \"Action\": \"sts:AssumeRole\",\n      \"Principal\": {\n        \"Service\": \"cloudtrail.amazonaws.com\"\n      }\n    }\n  ]\n}",
            "override_json": null,
            "override_policy_documents": null,
            "policy_id": null,
            "source_json": null,
            "source_policy_documents": null,
            "statement": [
              {
                "actions": [
                  "sts:AssumeRole"
                ],
                "condition": [],
                "effect": "Allow",
                "not_actions": [],
                "not_principals": [],
                "not_resources": [],
                "principals": [
                  {
                    "identifiers": [
                      "cloudtrail.amazonaws.com"
                    ],
                    "type": "Service"
                  }
                ],
                "resources": [],
                "sid": ""
              }
            ],
            "version": "2012-10-17"
          },
          "sensitive_attributes": []
        }
      ]
    },
    {
      "mode": "data",
      "type": "aws_iam_policy_document",
      "name": "cloudtrail_role_policy",
      "provider": "provider[\"registry.terraform.io/hashicorp/aws\"]",
      "instances": [
        {
          "schema_version": 0,
          "attributes": {
            "id": "2499592398",
            "json": "{\n  \"Version\": \"2012-10-17\",\n  \"Statement\": [\n    {\n      \"Effect\": \"Allow\",\n      \"Action\": \"logs:CreateLogStream\",\n      \"Resource\": \"arn:aws:logs:*:*:log-group:parveshcloudwatch:log-stream:*\"\n    },\n    {\n      \"Effect\": \"Allow\",\n      \"Action\": \"logs:PutLogEvents\",\n      \"Resource\": \"arn:aws:logs:*:*:log-group:parveshcloudwatch:log-stream:*\"\n    }\n  ]\n}",
            "override_json": null,
            "override_policy_documents": null,
            "policy_id": null,
            "source_json": null,
            "source_policy_documents": null,
            "statement": [
              {
                "actions": [
                  "logs:CreateLogStream"
                ],
                "condition": [],
                "effect": "Allow",
                "not_actions": [],
                "not_principals": [],
                "not_resources": [],
                "principals": [],
                "resources": [
                  "arn:aws:logs:*:*:log-group:parveshcloudwatch:log-stream:*"
                ],
                "sid": ""
              },
              {
                "actions": [
                  "logs:PutLogEvents"
                ],
                "condition": [],
                "effect": "Allow",
                "not_actions": [],
                "not_principals": [],
                "not_resources": [],
                "principals": [],
                "resources": [
                  "arn:aws:logs:*:*:log-group:parveshcloudwatch:log-stream:*"
                ],
                "sid": ""
              }
            ],
            "version": "2012-10-17"
          },
          "sensitive_attributes": []
        }
      ]
    },
    {
      "mode": "managed",
      "type": "aws_cloudtrail",
      "name": "maangement_events",
      "provider": "provider[\"registry.terraform.io/hashicorp/aws\"]",
      "instances": [
        {
          "schema_version": 1,
          "attributes": {
            "advanced_event_selector": [],
            "arn": "arn:aws:cloudtrail:us-east-1:851725452068:trail/parveshcloudtrail",
            "cloud_watch_logs_group_arn": "arn:aws:logs:us-east-1:851725452068:log-group:parveshcloudwatch:*",
            "cloud_watch_logs_role_arn": "arn:aws:iam::851725452068:role/parveshrole",
            "enable_log_file_validation": true,
            "enable_logging": true,
            "event_selector": [
              {
                "data_resource": [
                  {
                    "type": "AWS::S3::Object",
                    "values": [
                      "arn:aws:s3:::sbucketparvesh/cloudtrail-logs/*"
                    ]
                  }
                ],
                "exclude_management_event_sources": null,
                "include_management_events": true,
                "read_write_type": "All"
              }
            ],
            "home_region": "us-east-1",
            "id": "arn:aws:cloudtrail:us-east-1:851725452068:trail/parveshcloudtrail",
            "include_global_service_events": true,
            "insight_selector": [],
            "is_multi_region_trail": false,
            "is_organization_trail": false,
            "kms_key_id": "arn:aws:kms:us-east-1:851725452068:key/a8b1dd75-a4e1-4cb3-a54d-f3d9acfe4f74",
            "name": "parveshcloudtrail",
            "s3_bucket_name": "sbucketparvesh",
            "s3_key_prefix": "cloudtrail-logs",
            "sns_topic_name": "",
            "tags": null,
            "tags_all": {}
          },
          "sensitive_attributes": [],
          "private": "eyJzY2hlbWFfdmVyc2lvbiI6IjEifQ==",
          "dependencies": [
            "aws_cloudwatch_log_group.cloudtrail_logs",
            "aws_iam_role.cloudtrail_role",
            "aws_kms_key.cloudtrail_key",
            "aws_s3_bucket.cloudtrail",
            "data.aws_caller_identity.current",
            "data.aws_iam_policy_document.cloudtrail_key",
            "data.aws_iam_policy_document.cloudtrail_role"
          ]
        }
      ]
    },
    {
      "mode": "managed",
      "type": "aws_cloudwatch_log_group",
      "name": "cloudtrail_logs",
      "provider": "provider[\"registry.terraform.io/hashicorp/aws\"]",
      "instances": [
        {
          "schema_version": 0,
          "attributes": {
            "arn": "arn:aws:logs:us-east-1:851725452068:log-group:parveshcloudwatch",
            "id": "parveshcloudwatch",
            "kms_key_id": "",
            "log_group_class": "STANDARD",
            "name": "parveshcloudwatch",
            "name_prefix": "",
            "retention_in_days": 365,
            "skip_destroy": false,
            "tags": null,
            "tags_all": {}
          },
          "sensitive_attributes": [],
          "private": "bnVsbA=="
        }
      ]
    },
    {
      "mode": "managed",
      "type": "aws_iam_role",
      "name": "cloudtrail_role",
      "provider": "provider[\"registry.terraform.io/hashicorp/aws\"]",
      "instances": [
        {
          "schema_version": 0,
          "attributes": {
            "arn": "arn:aws:iam::851725452068:role/parveshrole",
            "assume_role_policy": "{\"Statement\":[{\"Action\":\"sts:AssumeRole\",\"Effect\":\"Allow\",\"Principal\":{\"Service\":\"cloudtrail.amazonaws.com\"}}],\"Version\":\"2012-10-17\"}",
            "create_date": "2024-04-18T09:54:45Z",
            "description": "",
            "force_detach_policies": false,
            "id": "parveshrole",
            "inline_policy": [],
            "managed_policy_arns": [],
            "max_session_duration": 3600,
            "name": "parveshrole",
            "name_prefix": "",
            "path": "/",
            "permissions_boundary": "",
            "tags": null,
            "tags_all": {},
            "unique_id": "AROA4MTWLAMSHOFJB3XHF"
          },
          "sensitive_attributes": [],
          "private": "bnVsbA==",
          "dependencies": [
            "data.aws_iam_policy_document.cloudtrail_role"
          ]
        }
      ]
    },
    {
      "mode": "managed",
      "type": "aws_iam_role_policy",
      "name": "cloudtrail_role",
      "provider": "provider[\"registry.terraform.io/hashicorp/aws\"]",
      "instances": [
        {
          "schema_version": 0,
          "attributes": {
            "id": "parveshrole:my-cloudtrail-policy",
            "name": "my-cloudtrail-policy",
            "name_prefix": "",
            "policy": "{\"Version\":\"2012-10-17\",\"Statement\":[{\"Action\":\"logs:CreateLogStream\",\"Effect\":\"Allow\",\"Resource\":\"arn:aws:logs:*:*:log-group:parveshcloudwatch:log-stream:*\"},{\"Action\":\"logs:PutLogEvents\",\"Effect\":\"Allow\",\"Resource\":\"arn:aws:logs:*:*:log-group:parveshcloudwatch:log-stream:*\"}]}",
            "role": "parveshrole"
          },
          "sensitive_attributes": [],
          "private": "bnVsbA==",
          "dependencies": [
            "aws_iam_role.cloudtrail_role",
            "data.aws_iam_policy_document.cloudtrail_role",
            "data.aws_iam_policy_document.cloudtrail_role_policy"
          ]
        }
      ]
    },
    {
      "mode": "managed",
      "type": "aws_kms_alias",
      "name": "cloudtrail_key",
      "provider": "provider[\"registry.terraform.io/hashicorp/aws\"]",
      "instances": [
        {
          "schema_version": 0,
          "attributes": {
            "arn": "arn:aws:kms:us-east-1:851725452068:alias/cloudtrail",
            "id": "alias/cloudtrail",
            "name": "alias/cloudtrail",
            "name_prefix": "",
            "target_key_arn": "arn:aws:kms:us-east-1:851725452068:key/a8b1dd75-a4e1-4cb3-a54d-f3d9acfe4f74",
            "target_key_id": "a8b1dd75-a4e1-4cb3-a54d-f3d9acfe4f74"
          },
          "sensitive_attributes": [],
          "private": "bnVsbA==",
          "dependencies": [
            "aws_kms_key.cloudtrail_key",
            "data.aws_caller_identity.current",
            "data.aws_iam_policy_document.cloudtrail_key"
          ]
        }
      ]
    },
    {
      "mode": "managed",
      "type": "aws_kms_key",
      "name": "cloudtrail_key",
      "provider": "provider[\"registry.terraform.io/hashicorp/aws\"]",
      "instances": [
        {
          "schema_version": 0,
          "attributes": {
            "arn": "arn:aws:kms:us-east-1:851725452068:key/a8b1dd75-a4e1-4cb3-a54d-f3d9acfe4f74",
            "bypass_policy_lockout_safety_check": false,
            "custom_key_store_id": "",
            "customer_master_key_spec": "SYMMETRIC_DEFAULT",
            "deletion_window_in_days": 30,
            "description": "KMS key for CloudTrail logs encryption",
            "enable_key_rotation": true,
            "id": "a8b1dd75-a4e1-4cb3-a54d-f3d9acfe4f74",
            "is_enabled": true,
            "key_id": "a8b1dd75-a4e1-4cb3-a54d-f3d9acfe4f74",
            "key_usage": "ENCRYPT_DECRYPT",
            "multi_region": false,
            "policy": "{\"Statement\":[{\"Action\":\"kms:*\",\"Effect\":\"Allow\",\"Principal\":{\"AWS\":[\"arn:aws:iam::851725452068:user/User\",\"arn:aws:iam::851725452068:root\"]},\"Resource\":\"*\",\"Sid\":\"Enable Owner \\u0026 Root full access to KMS key\"},{\"Action\":\"kms:GenerateDataKey*\",\"Condition\":{\"StringLike\":{\"aws:SourceArn\":\"arn:aws:cloudtrail:us-east-1:851725452068:trail/*\",\"kms:EncryptionContext:aws:cloudtrail:arn\":\"arn:aws:cloudtrail:us-east-1:851725452068:trail/*\"}},\"Effect\":\"Allow\",\"Principal\":{\"Service\":\"cloudtrail.amazonaws.com\"},\"Resource\":\"*\",\"Sid\":\"Allow CloudTrail to encrypt logs\"},{\"Action\":\"kms:DescribeKey\",\"Effect\":\"Allow\",\"Principal\":{\"Service\":\"cloudtrail.amazonaws.com\"},\"Resource\":\"*\",\"Sid\":\"Allow CloudTrail to describe key\"},{\"Action\":[\"kms:ReEncryptFrom\",\"kms:Decrypt\"],\"Effect\":\"Allow\",\"Principal\":{\"Service\":\"cloudtrail.amazonaws.com\"},\"Resource\":\"*\",\"Sid\":\"Allow CloudTrail to decrypt a trail\"},{\"Action\":\"kms:CreateAlias\",\"Condition\":{\"StringEquals\":{\"kms:CallerAccount\":\"851725452068\",\"kms:ViaService\":\"ec2.us-east-1.amazonaws.com\"}},\"Effect\":\"Allow\",\"Principal\":{\"AWS\":\"*\"},\"Resource\":\"*\",\"Sid\":\"Allow alias creation during setup\"}],\"Version\":\"2012-10-17\"}",
            "tags": null,
            "tags_all": {},
            "timeouts": null,
            "xks_key_id": ""
          },
          "sensitive_attributes": [],
          "private": "eyJlMmJmYjczMC1lY2FhLTExZTYtOGY4OC0zNDM2M2JjN2M0YzAiOnsiY3JlYXRlIjoxMjAwMDAwMDAwMDB9fQ==",
          "dependencies": [
            "data.aws_caller_identity.current",
            "data.aws_iam_policy_document.cloudtrail_key"
          ]
        }
      ]
    },
    {
      "mode": "managed",
      "type": "aws_s3_bucket",
      "name": "cloudtrail",
      "provider": "provider[\"registry.terraform.io/hashicorp/aws\"]",
      "instances": [
        {
          "schema_version": 0,
          "attributes": {
            "acceleration_status": "",
            "acl": null,
            "arn": "arn:aws:s3:::sbucketparvesh",
            "bucket": "sbucketparvesh",
            "bucket_domain_name": "sbucketparvesh.s3.amazonaws.com",
            "bucket_prefix": "",
            "bucket_regional_domain_name": "sbucketparvesh.s3.us-east-1.amazonaws.com",
            "cors_rule": [],
            "force_destroy": true,
            "grant": [
              {
                "id": "6938b394daf447ad0f8443784826dc91905351b0bf9f167ba9c4c705d69c672c",
                "permissions": [
                  "FULL_CONTROL"
                ],
                "type": "CanonicalUser",
                "uri": ""
              }
            ],
            "hosted_zone_id": "Z3AQBSTGFYJSTF",
            "id": "sbucketparvesh",
            "lifecycle_rule": [],
            "logging": [],
            "object_lock_configuration": [],
            "object_lock_enabled": false,
            "policy": "",
            "region": "us-east-1",
            "replication_configuration": [],
            "request_payer": "BucketOwner",
            "server_side_encryption_configuration": [
              {
                "rule": [
                  {
                    "apply_server_side_encryption_by_default": [
                      {
                        "kms_master_key_id": "",
                        "sse_algorithm": "AES256"
                      }
                    ],
                    "bucket_key_enabled": false
                  }
                ]
              }
            ],
            "tags": null,
            "tags_all": {},
            "timeouts": null,
            "versioning": [
              {
                "enabled": false,
                "mfa_delete": false
              }
            ],
            "website": [],
            "website_domain": null,
            "website_endpoint": null
          },
          "sensitive_attributes": [],
          "private": "eyJlMmJmYjczMC1lY2FhLTExZTYtOGY4OC0zNDM2M2JjN2M0YzAiOnsiY3JlYXRlIjoxMjAwMDAwMDAwMDAwLCJkZWxldGUiOjM2MDAwMDAwMDAwMDAsInJlYWQiOjEyMDAwMDAwMDAwMDAsInVwZGF0ZSI6MTIwMDAwMDAwMDAwMH19"
        }
      ]
    },
    {
      "mode": "managed",
      "type": "aws_s3_bucket_policy",
      "name": "cloudtrail",
      "provider": "provider[\"registry.terraform.io/hashicorp/aws\"]",
      "instances": [
        {
          "schema_version": 0,
          "attributes": {
            "bucket": "sbucketparvesh",
            "id": "sbucketparvesh",
            "policy": "{\"Statement\":[{\"Action\":\"s3:GetBucketAcl\",\"Condition\":{\"StringEquals\":{\"aws:SourceArn\":\"arn:aws:cloudtrail:us-east-1:851725452068:trail/parveshcloudtrail\"}},\"Effect\":\"Allow\",\"Principal\":{\"Service\":\"cloudtrail.amazonaws.com\"},\"Resource\":\"arn:aws:s3:::sbucketparvesh\",\"Sid\":\"AWS CloudTrail ACL Check\"},{\"Action\":\"s3:PutObject\",\"Condition\":{\"StringEquals\":{\"aws:SourceArn\":\"arn:aws:cloudtrail:us-east-1:851725452068:trail/parveshcloudtrail\",\"s3:x-amz-acl\":\"bucket-owner-full-control\"}},\"Effect\":\"Allow\",\"Principal\":{\"Service\":\"cloudtrail.amazonaws.com\"},\"Resource\":\"arn:aws:s3:::sbucketparvesh/*\",\"Sid\":\"AWS CloudTrail Write\"}],\"Version\":\"2012-10-17\"}"
          },
          "sensitive_attributes": [],
          "private": "bnVsbA==",
          "dependencies": [
            "aws_s3_bucket.cloudtrail",
            "data.aws_caller_identity.current",
            "data.aws_iam_policy_document.cloudtrail"
          ]
        }
      ]
    },
    {
      "mode": "managed",
      "type": "aws_s3_bucket_server_side_encryption_configuration",
      "name": "cloudtrail",
      "provider": "provider[\"registry.terraform.io/hashicorp/aws\"]",
      "instances": [
        {
          "schema_version": 0,
          "attributes": {
            "bucket": "sbucketparvesh",
            "expected_bucket_owner": "",
            "id": "sbucketparvesh",
            "rule": [
              {
                "apply_server_side_encryption_by_default": [
                  {
                    "kms_master_key_id": "arn:aws:kms:us-east-1:851725452068:key/a8b1dd75-a4e1-4cb3-a54d-f3d9acfe4f74",
                    "sse_algorithm": "aws:kms"
                  }
                ],
                "bucket_key_enabled": null
              }
            ]
          },
          "sensitive_attributes": [],
          "private": "bnVsbA==",
          "dependencies": [
            "aws_kms_key.cloudtrail_key",
            "aws_s3_bucket.cloudtrail",
            "data.aws_caller_identity.current",
            "data.aws_iam_policy_document.cloudtrail_key"
          ]
        }
      ]
    }
  ],
  "check_results": null
}
