{
  "version": 4,
  "terraform_version": "1.8.0",
  "serial": 23,
  "lineage": "7f24f841-77fd-446c-19e4-7dbace85c789",
  "outputs": {
    "access_key_id": {
      "value": "AKIA4MTWLAMSF665XDVW",
      "type": "string",
      "sensitive": true
    },
    "secret_access_key": {
      "value": "CmEGVDH9fh9uByNJW1UyFLumRKEfqgedI9tGlYRJ",
      "type": "string",
      "sensitive": true
    }
  },
  "resources": [
    {
      "mode": "data",
      "type": "aws_iam_policy",
      "name": "rds_full_access",
      "provider": "provider[\"registry.terraform.io/hashicorp/aws\"]",
      "instances": [
        {
          "schema_version": 0,
          "attributes": {
            "arn": "arn:aws:iam::aws:policy/AmazonRDSFullAccess",
            "description": "Provides full access to Amazon RDS via the AWS Management Console.",
            "id": "arn:aws:iam::aws:policy/AmazonRDSFullAccess",
            "name": "AmazonRDSFullAccess",
            "path": "/",
            "path_prefix": null,
            "policy": "{\n\t\"Version\": \"2012-10-17\",\n\t\"Statement\": [\n\t\t{\n\t\t\t\"Effect\": \"Allow\",\n\t\t\t\"Action\": [\n\t\t\t\t\"rds:*\",\n\t\t\t\t\"application-autoscaling:DeleteScalingPolicy\",\n\t\t\t\t\"application-autoscaling:DeregisterScalableTarget\",\n\t\t\t\t\"application-autoscaling:DescribeScalableTargets\",\n\t\t\t\t\"application-autoscaling:DescribeScalingActivities\",\n\t\t\t\t\"application-autoscaling:DescribeScalingPolicies\",\n\t\t\t\t\"application-autoscaling:PutScalingPolicy\",\n\t\t\t\t\"application-autoscaling:RegisterScalableTarget\",\n\t\t\t\t\"cloudwatch:DescribeAlarms\",\n\t\t\t\t\"cloudwatch:GetMetricStatistics\",\n\t\t\t\t\"cloudwatch:PutMetricAlarm\",\n\t\t\t\t\"cloudwatch:DeleteAlarms\",\n\t\t\t\t\"cloudwatch:ListMetrics\",\n\t\t\t\t\"cloudwatch:GetMetricData\",\n\t\t\t\t\"ec2:DescribeAccountAttributes\",\n\t\t\t\t\"ec2:DescribeAvailabilityZones\",\n\t\t\t\t\"ec2:DescribeCoipPools\",\n\t\t\t\t\"ec2:DescribeInternetGateways\",\n\t\t\t\t\"ec2:DescribeLocalGatewayRouteTablePermissions\",\n\t\t\t\t\"ec2:DescribeLocalGatewayRouteTables\",\n\t\t\t\t\"ec2:DescribeLocalGatewayRouteTableVpcAssociations\",\n\t\t\t\t\"ec2:DescribeLocalGateways\",\n\t\t\t\t\"ec2:DescribeSecurityGroups\",\n\t\t\t\t\"ec2:DescribeSubnets\",\n\t\t\t\t\"ec2:DescribeVpcAttribute\",\n\t\t\t\t\"ec2:DescribeVpcs\",\n\t\t\t\t\"ec2:GetCoipPoolUsage\",\n\t\t\t\t\"sns:ListSubscriptions\",\n\t\t\t\t\"sns:ListTopics\",\n\t\t\t\t\"sns:Publish\",\n\t\t\t\t\"logs:DescribeLogStreams\",\n\t\t\t\t\"logs:GetLogEvents\",\n\t\t\t\t\"outposts:GetOutpostInstanceTypes\",\n\t\t\t\t\"devops-guru:GetResourceCollection\"\n\t\t\t],\n\t\t\t\"Resource\": \"*\"\n\t\t},\n\t\t{\n\t\t\t\"Effect\": \"Allow\",\n\t\t\t\"Action\": \"pi:*\",\n\t\t\t\"Resource\": [\n\t\t\t\t\"arn:aws:pi:*:*:metrics/rds/*\",\n\t\t\t\t\"arn:aws:pi:*:*:perf-reports/rds/*\"\n\t\t\t]\n\t\t},\n\t\t{\n\t\t\t\"Effect\": \"Allow\",\n\t\t\t\"Action\": \"iam:CreateServiceLinkedRole\",\n\t\t\t\"Resource\": \"*\",\n\t\t\t\"Condition\": {\n\t\t\t\t\"StringLike\": {\n\t\t\t\t\t\"iam:AWSServiceName\": [\n\t\t\t\t\t\t\"rds.amazonaws.com\",\n\t\t\t\t\t\t\"rds.application-autoscaling.amazonaws.com\"\n\t\t\t\t\t]\n\t\t\t\t}\n\t\t\t}\n\t\t},\n\t\t{\n\t\t\t\"Action\": [\n\t\t\t\t\"devops-guru:SearchInsights\",\n\t\t\t\t\"devops-guru:ListAnomaliesForInsight\"\n\t\t\t],\n\t\t\t\"Effect\": \"Allow\",\n\t\t\t\"Resource\": \"*\",\n\t\t\t\"Condition\": {\n\t\t\t\t\"ForAllValues:StringEquals\": {\n\t\t\t\t\t\"devops-guru:ServiceNames\": [\n\t\t\t\t\t\t\"RDS\"\n\t\t\t\t\t]\n\t\t\t\t},\n\t\t\t\t\"Null\": {\n\t\t\t\t\t\"devops-guru:ServiceNames\": \"false\"\n\t\t\t\t}\n\t\t\t}\n\t\t}\n\t]\n}",
            "policy_id": "ANPAI3R4QMOG6Q5A4VWVG",
            "tags": {}
          },
          "sensitive_attributes": []
        }
      ]
    },
    {
      "mode": "data",
      "type": "aws_iam_policy_document",
      "name": "ec2_instance_actions",
      "provider": "provider[\"registry.terraform.io/hashicorp/aws\"]",
      "instances": [
        {
          "schema_version": 0,
          "attributes": {
            "id": "106469549",
            "json": "{\n  \"Version\": \"2012-10-17\",\n  \"Statement\": [\n    {\n      \"Effect\": \"Allow\",\n      \"Action\": [\n        \"ec2:StopInstances\",\n        \"ec2:StartInstances\"\n      ],\n      \"Resource\": \"arn:aws:ec2:*:*:instance/*\"\n    }\n  ]\n}",
            "override_json": null,
            "override_policy_documents": null,
            "policy_id": null,
            "source_json": null,
            "source_policy_documents": null,
            "statement": [
              {
                "actions": [
                  "ec2:StartInstances",
                  "ec2:StopInstances"
                ],
                "condition": [],
                "effect": "Allow",
                "not_actions": [],
                "not_principals": [],
                "not_resources": [],
                "principals": [],
                "resources": [
                  "arn:aws:ec2:*:*:instance/*"
                ],
                "sid": ""
              }
            ],
            "version": "2012-10-17"
          },
          "sensitive_attributes": []
        }
      ]
    },
    {
      "mode": "managed",
      "type": "aws_iam_access_key",
      "name": "parvesh_access_key",
      "provider": "provider[\"registry.terraform.io/hashicorp/aws\"]",
      "instances": [
        {
          "schema_version": 0,
          "attributes": {
            "create_date": "2024-04-17T10:34:44Z",
            "encrypted_secret": null,
            "encrypted_ses_smtp_password_v4": null,
            "id": "AKIA4MTWLAMSF665XDVW",
            "key_fingerprint": null,
            "pgp_key": null,
            "secret": "CmEGVDH9fh9uByNJW1UyFLumRKEfqgedI9tGlYRJ",
            "ses_smtp_password_v4": "BOeN7VfJ52IQma0uKPzUvL1MFyrahTLU38695fCpNWF1",
            "status": "Active",
            "user": "parvesh"
          },
          "sensitive_attributes": [
            [
              {
                "type": "get_attr",
                "value": "ses_smtp_password_v4"
              }
            ],
            [
              {
                "type": "get_attr",
                "value": "secret"
              }
            ]
          ],
          "private": "bnVsbA==",
          "dependencies": [
            "aws_iam_user.parvesh"
          ]
        }
      ]
    },
    {
      "mode": "managed",
      "type": "aws_iam_group",
      "name": "terraform-developers",
      "provider": "provider[\"registry.terraform.io/hashicorp/aws\"]",
      "instances": [
        {
          "schema_version": 0,
          "attributes": {
            "arn": "arn:aws:iam::851725452068:group/terraform-developers",
            "id": "terraform-developers",
            "name": "terraform-developers",
            "path": "/",
            "unique_id": "AGPA4MTWLAMSDY4OWC27J"
          },
          "sensitive_attributes": [],
          "private": "bnVsbA=="
        }
      ]
    },
    {
      "mode": "managed",
      "type": "aws_iam_group_membership",
      "name": "parvesh_membership",
      "provider": "provider[\"registry.terraform.io/hashicorp/aws\"]",
      "instances": [
        {
          "schema_version": 0,
          "attributes": {
            "group": "terraform-developers",
            "id": "parvesh",
            "name": "parvesh",
            "users": [
              "parvesh"
            ]
          },
          "sensitive_attributes": [],
          "private": "bnVsbA==",
          "dependencies": [
            "aws_iam_group.terraform-developers",
            "aws_iam_user.parvesh"
          ]
        }
      ]
    },
    {
      "mode": "managed",
      "type": "aws_iam_group_policy_attachment",
      "name": "developers_ec2_instance_actions",
      "provider": "provider[\"registry.terraform.io/hashicorp/aws\"]",
      "instances": [
        {
          "schema_version": 0,
          "attributes": {
            "group": "terraform-developers",
            "id": "terraform-developers-20240417103448104200000002",
            "policy_arn": "arn:aws:iam::851725452068:policy/ec2_instance_actions"
          },
          "sensitive_attributes": [],
          "private": "bnVsbA==",
          "dependencies": [
            "aws_iam_group.terraform-developers",
            "aws_iam_policy.ec2_instance_actions",
            "data.aws_iam_policy_document.ec2_instance_actions"
          ]
        }
      ]
    },
    {
      "mode": "managed",
      "type": "aws_iam_group_policy_attachment",
      "name": "terraform-developers_rds_full_access",
      "provider": "provider[\"registry.terraform.io/hashicorp/aws\"]",
      "instances": [
        {
          "schema_version": 0,
          "attributes": {
            "group": "terraform-developers",
            "id": "terraform-developers-20240417103448001500000001",
            "policy_arn": "arn:aws:iam::aws:policy/AmazonRDSFullAccess"
          },
          "sensitive_attributes": [],
          "private": "bnVsbA==",
          "dependencies": [
            "aws_iam_group.terraform-developers",
            "data.aws_iam_policy.rds_full_access"
          ]
        }
      ]
    },
    {
      "mode": "managed",
      "type": "aws_iam_policy",
      "name": "ec2_instance_actions",
      "provider": "provider[\"registry.terraform.io/hashicorp/aws\"]",
      "instances": [
        {
          "schema_version": 0,
          "attributes": {
            "arn": "arn:aws:iam::851725452068:policy/ec2_instance_actions",
            "description": "",
            "id": "arn:aws:iam::851725452068:policy/ec2_instance_actions",
            "name": "ec2_instance_actions",
            "name_prefix": "",
            "path": "/",
            "policy": "{\"Statement\":[{\"Action\":[\"ec2:StopInstances\",\"ec2:StartInstances\"],\"Effect\":\"Allow\",\"Resource\":\"arn:aws:ec2:*:*:instance/*\"}],\"Version\":\"2012-10-17\"}",
            "policy_id": "ANPA4MTWLAMSFY2PA6JXF",
            "tags": null,
            "tags_all": {}
          },
          "sensitive_attributes": [],
          "private": "bnVsbA==",
          "dependencies": [
            "data.aws_iam_policy_document.ec2_instance_actions"
          ]
        }
      ]
    },
    {
      "mode": "managed",
      "type": "aws_iam_role",
      "name": "terraform-cloudwatchagent-role",
      "provider": "provider[\"registry.terraform.io/hashicorp/aws\"]",
      "instances": [
        {
          "schema_version": 0,
          "attributes": {
            "arn": "arn:aws:iam::851725452068:role/terraform-cloudwatchagent-role",
            "assume_role_policy": "{\"Statement\":[{\"Action\":\"sts:AssumeRole\",\"Effect\":\"Allow\",\"Principal\":{\"Service\":\"ec2.amazonaws.com\"}}],\"Version\":\"2012-10-17\"}",
            "create_date": "2024-04-17T10:34:43Z",
            "description": "",
            "force_detach_policies": false,
            "id": "terraform-cloudwatchagent-role",
            "inline_policy": [],
            "managed_policy_arns": [],
            "max_session_duration": 3600,
            "name": "terraform-cloudwatchagent-role",
            "name_prefix": "",
            "path": "/",
            "permissions_boundary": "",
            "tags": null,
            "tags_all": {},
            "unique_id": "AROA4MTWLAMSAKBK2UWSO"
          },
          "sensitive_attributes": [],
          "private": "bnVsbA=="
        }
      ]
    },
    {
      "mode": "managed",
      "type": "aws_iam_role_policy_attachment",
      "name": "my_role_policy_attachment",
      "provider": "provider[\"registry.terraform.io/hashicorp/aws\"]",
      "instances": [
        {
          "schema_version": 0,
          "attributes": {
            "id": "terraform-cloudwatchagent-role-20240417103448323600000003",
            "policy_arn": "arn:aws:iam::aws:policy/CloudWatchAgentServerPolicy",
            "role": "terraform-cloudwatchagent-role"
          },
          "sensitive_attributes": [],
          "private": "bnVsbA==",
          "dependencies": [
            "aws_iam_role.terraform-cloudwatchagent-role"
          ]
        }
      ]
    },
    {
      "mode": "managed",
      "type": "aws_iam_user",
      "name": "parvesh",
      "provider": "provider[\"registry.terraform.io/hashicorp/aws\"]",
      "instances": [
        {
          "schema_version": 0,
          "attributes": {
            "arn": "arn:aws:iam::851725452068:user/parvesh",
            "force_destroy": false,
            "id": "parvesh",
            "name": "parvesh",
            "path": "/",
            "permissions_boundary": "",
            "tags": {
              "creator": "parvesh"
            },
            "tags_all": {
              "creator": "parvesh"
            },
            "unique_id": "AIDA4MTWLAMSD3PGBM7FU"
          },
          "sensitive_attributes": [],
          "private": "bnVsbA=="
        }
      ]
    },
    {
      "mode": "managed",
      "type": "local_file",
      "name": "parvesh_keys",
      "provider": "provider[\"registry.terraform.io/hashicorp/local\"]",
      "instances": [
        {
          "schema_version": 0,
          "attributes": {
            "content": "access_key,secret_key\nAKIA4MTWLAMSF665XDVW,CmEGVDH9fh9uByNJW1UyFLumRKEfqgedI9tGlYRJ",
            "content_base64": null,
            "content_base64sha256": "s8/77j8TKSIuAqzHvythoM2dscMpzw/EjETdYLFkMC8=",
            "content_base64sha512": "mOf3xJUMJh8U7+Xh4z83lkdhtXehPe1TZ1AeFoBDAn52fD0svy4dlR5Eh4DwAwu74UvUk3RkLTD0BpGp697TiA==",
            "content_md5": "f4c2fd95da3e9272e1f176a86a8f0731",
            "content_sha1": "9d472327e193978eef0df50f33f9f91c8dc6511b",
            "content_sha256": "b3cffbee3f1329222e02acc7bf2b61a0cd9db1c329cf0fc48c44dd60b164302f",
            "content_sha512": "98e7f7c4950c261f14efe5e1e33f37964761b577a13ded5367501e168043027e767c3d2cbf2e1d951e448780f0030bbbe14bd49374642d30f40691a9ebded388",
            "directory_permission": "0777",
            "file_permission": "0777",
            "filename": "parvesh-keys.csv",
            "id": "9d472327e193978eef0df50f33f9f91c8dc6511b",
            "sensitive_content": null,
            "source": null
          },
          "sensitive_attributes": [
            [
              {
                "type": "get_attr",
                "value": "sensitive_content"
              }
            ],
            [
              {
                "type": "get_attr",
                "value": "content"
              }
            ]
          ],
          "dependencies": [
            "aws_iam_access_key.parvesh_access_key",
            "aws_iam_user.parvesh"
          ]
        }
      ]
    }
  ],
  "check_results": null
}
