{
  "version": 4,
  "terraform_version": "1.8.0",
  "serial": 4,
  "lineage": "720be33c-708b-3aa3-86ba-2796bf496d50",
  "outputs": {},
  "resources": [
    {
      "mode": "managed",
      "type": "aws_route53_record",
      "name": "example_record",
      "provider": "provider[\"registry.terraform.io/hashicorp/aws\"]",
      "instances": [
        {
          "schema_version": 2,
          "attributes": {
            "alias": [],
            "allow_overwrite": null,
            "cidr_routing_policy": [],
            "failover_routing_policy": [],
            "fqdn": "www.example.com.exampleeeeeeeeeeee.com",
            "geolocation_routing_policy": [],
            "geoproximity_routing_policy": [],
            "health_check_id": "",
            "id": "Z01755541GPI7Y9JO3E9M_www.example.com_A",
            "latency_routing_policy": [],
            "multivalue_answer_routing_policy": false,
            "name": "www.example.com",
            "records": [
              "1.2.3.4"
            ],
            "set_identifier": "",
            "ttl": 300,
            "type": "A",
            "weighted_routing_policy": [],
            "zone_id": "Z01755541GPI7Y9JO3E9M"
          },
          "sensitive_attributes": [],
          "private": "eyJzY2hlbWFfdmVyc2lvbiI6IjIifQ==",
          "dependencies": [
            "aws_route53_zone.example_zone"
          ]
        }
      ]
    },
    {
      "mode": "managed",
      "type": "aws_route53_zone",
      "name": "example_zone",
      "provider": "provider[\"registry.terraform.io/hashicorp/aws\"]",
      "instances": [
        {
          "schema_version": 0,
          "attributes": {
            "arn": "arn:aws:route53:::hostedzone/Z01755541GPI7Y9JO3E9M",
            "comment": "Managed by Terraform",
            "delegation_set_id": "",
            "force_destroy": false,
            "id": "Z01755541GPI7Y9JO3E9M",
            "name": "exampleeeeeeeeeeee.com",
            "name_servers": [
              "ns-1079.awsdns-06.org",
              "ns-1871.awsdns-41.co.uk",
              "ns-243.awsdns-30.com",
              "ns-594.awsdns-10.net"
            ],
            "primary_name_server": "ns-1871.awsdns-41.co.uk",
            "tags": null,
            "tags_all": {},
            "vpc": [],
            "zone_id": "Z01755541GPI7Y9JO3E9M"
          },
          "sensitive_attributes": [],
          "private": "bnVsbA=="
        }
      ]
    }
  ],
  "check_results": null
}
