{
  "version": 4,
  "terraform_version": "1.8.0",
  "serial": 1,
  "lineage": "7e6c3a1f-d1d7-59b1-2ef8-8ea47f2eb254",
  "outputs": {},
  "resources": [
    {
      "mode": "managed",
      "type": "aws_dynamodb_table",
      "name": "sneakers_table",
      "provider": "provider[\"registry.terraform.io/hashicorp/aws\"]",
      "instances": [
        {
          "schema_version": 1,
          "attributes": {
            "arn": "arn:aws:dynamodb:us-east-1:851725452068:table/sneakers_table",
            "attribute": [
              {
                "name": "BrandName",
                "type": "S"
              },
              {
                "name": "ModelNumber",
                "type": "N"
              }
            ],
            "billing_mode": "PROVISIONED",
            "deletion_protection_enabled": false,
            "global_secondary_index": [
              {
                "hash_key": "BrandName",
                "name": "Sneakers_GSI",
                "non_key_attributes": [],
                "projection_type": "ALL",
                "range_key": "ModelNumber",
                "read_capacity": 10,
                "write_capacity": 10
              }
            ],
            "hash_key": "BrandName",
            "id": "sneakers_table",
            "import_table": [],
            "local_secondary_index": [],
            "name": "sneakers_table",
            "point_in_time_recovery": [
              {
                "enabled": false
              }
            ],
            "range_key": "ModelNumber",
            "read_capacity": 20,
            "replica": [],
            "restore_date_time": null,
            "restore_source_name": null,
            "restore_to_latest_time": null,
            "server_side_encryption": [],
            "stream_arn": "",
            "stream_enabled": false,
            "stream_label": "",
            "stream_view_type": "",
            "table_class": "STANDARD",
            "tags": {
              "Environment": "test",
              "Name": "Sneaker_test"
            },
            "tags_all": {
              "Environment": "test",
              "Name": "Sneaker_test"
            },
            "timeouts": null,
            "ttl": [
              {
                "attribute_name": "",
                "enabled": false
              }
            ],
            "write_capacity": 20
          },
          "sensitive_attributes": [],
          "private": "eyJlMmJmYjczMC1lY2FhLTExZTYtOGY4OC0zNDM2M2JjN2M0YzAiOnsiY3JlYXRlIjoxODAwMDAwMDAwMDAwLCJkZWxldGUiOjYwMDAwMDAwMDAwMCwidXBkYXRlIjozNjAwMDAwMDAwMDAwfSwic2NoZW1hX3ZlcnNpb24iOiIxIn0="
        }
      ]
    }
  ],
  "check_results": null
}
